// !$*UTF8*$!
{
	archiveVersion = 1;
	classes = {
	};
	objectVersion = 50;
	objects = {

/* Begin PBXBuildFile section */
		03B35E6C244F3D0100907B8A /* AppDelegate.swift in Sources */ = {isa = PBXBuildFile; fileRef = 03B35E6B244F3D0100907B8A /* AppDelegate.swift */; };
		03B35E6E244F3D0100907B8A /* ContentView.swift in Sources */ = {isa = PBXBuildFile; fileRef = 03B35E6D244F3D0100907B8A /* ContentView.swift */; };
		03B35E70244F3D0100907B8A /* Assets.xcassets in Resources */ = {isa = PBXBuildFile; fileRef = 03B35E6F244F3D0100907B8A /* Assets.xcassets */; };
		03B35E73244F3D0100907B8A /* Preview Assets.xcassets in Resources */ = {isa = PBXBuildFile; fileRef = 03B35E72244F3D0100907B8A /* Preview Assets.xcassets */; };
		03B35E76244F3D0100907B8A /* Main.storyboard in Resources */ = {isa = PBXBuildFile; fileRef = 03B35E74244F3D0100907B8A /* Main.storyboard */; };
/* End PBXBuildFile section */

/* Begin PBXFileReference section */
		03B35E68244F3D0100907B8A /* HubbyMacos.app */ = {isa = PBXFileReference; explicitFileType = wrapper.application; includeInIndex = 0; path = HubbyMacos.app; sourceTree = BUILT_PRODUCTS_DIR; };
		03B35E6B244F3D0100907B8A /* AppDelegate.swift */ = {isa = PBXFileReference; lastKnownFileType = sourcecode.swift; path = AppDelegate.swift; sourceTree = "<group>"; };
		03B35E6D244F3D0100907B8A /* ContentView.swift */ = {isa = PBXFileReference; lastKnownFileType = sourcecode.swift; path = ContentView.swift; sourceTree = "<group>"; };
		03B35E6F244F3D0100907B8A /* Assets.xcassets */ = {isa = PBXFileReference; lastKnownFileType = folder.assetcatalog; path = Assets.xcassets; sourceTree = "<group>"; };
		03B35E72244F3D0100907B8A /* Preview Assets.xcassets */ = {isa = PBXFileReference; lastKnownFileType = folder.assetcatalog; path = "Preview Assets.xcassets"; sourceTree = "<group>"; };
		03B35E75244F3D0100907B8A /* Base */ = {isa = PBXFileReference; lastKnownFileType = file.storyboard; name = Base; path = Base.lproj/Main.storyboard; sourceTree = "<group>"; };
		03B35E77244F3D0100907B8A /* Info.plist */ = {isa = PBXFileReference; lastKnownFileType = text.plist.xml; path = Info.plist; sourceTree = "<group>"; };
		03B35E78244F3D0100907B8A /* HubbyMacos.entitlements */ = {isa = PBXFileReference; lastKnownFileType = text.plist.entitlements; path = HubbyMacos.entitlements; sourceTree = "<group>"; };
/* End PBXFileReference section */

/* Begin PBXFrameworksBuildPhase section */
		03B35E65244F3D0100907B8A /* Frameworks */ = {
			isa = PBXFrameworksBuildPhase;
			buildActionMask = 2147483647;
			files = (
			);
			runOnlyForDeploymentPostprocessing = 0;
		};
/* End PBXFrameworksBuildPhase section */

/* Begin PBXGroup section */
		03B35E5F244F3D0100907B8A = {
			isa = PBXGroup;
			children = (
				03B35E6A244F3D0100907B8A /* HubbyMacos */,
				03B35E69244F3D0100907B8A /* Products */,
			);
			sourceTree = "<group>";
		};
		03B35E69244F3D0100907B8A /* Products */ = {
			isa = PBXGroup;
			children = (
				03B35E68244F3D0100907B8A /* HubbyMacos.app */,
			);
			name = Products;
			sourceTree = "<group>";
		};
		03B35E6A244F3D0100907B8A /* HubbyMacos */ = {
			isa = PBXGroup;
			children = (
				03B35E6B244F3D0100907B8A /* AppDelegate.swift */,
				03B35E6D244F3D0100907B8A /* ContentView.swift */,
				03B35E6F244F3D0100907B8A /* Assets.xcassets */,
				03B35E74244F3D0100907B8A /* Main.storyboard */,
				03B35E77244F3D0100907B8A /* Info.plist */,
				03B35E78244F3D0100907B8A /* HubbyMacos.entitlements */,
				03B35E71244F3D0100907B8A /* Preview Content */,
			);
			path = HubbyMacos;
			sourceTree = "<group>";
		};
		03B35E71244F3D0100907B8A /* Preview Content */ = {
			isa = PBXGroup;
			children = (
				03B35E72244F3D0100907B8A /* Preview Assets.xcassets */,
			);
			path = "Preview Content";
			sourceTree = "<group>";
		};
/* End PBXGroup section */

/* Begin PBXNativeTarget section */
		03B35E67244F3D0100907B8A /* HubbyMacos */ = {
			isa = PBXNativeTarget;
			buildConfigurationList = 03B35E7B244F3D0100907B8A /* Build configuration list for PBXNativeTarget "HubbyMacos" */;
			buildPhases = (
				03B35E64244F3D0100907B8A /* Sources */,
				03B35E65244F3D0100907B8A /* Frameworks */,
				03B35E66244F3D0100907B8A /* Resources */,
			);
			buildRules = (
			);
			dependencies = (
			);
			name = HubbyMacos;
			productName = HubbyMacos;
			productReference = 03B35E68244F3D0100907B8A /* HubbyMacos.app */;
			productType = "com.apple.product-type.application";
		};
/* End PBXNativeTarget section */

/* Begin PBXProject section */
		03B35E60244F3D0100907B8A /* Project object */ = {
			isa = PBXProject;
			attributes = {
				LastSwiftUpdateCheck = 1140;
				LastUpgradeCheck = 1140;
				ORGANIZATIONNAME = "Josh Holtz";
				TargetAttributes = {
					03B35E67244F3D0100907B8A = {
						CreatedOnToolsVersion = 11.4;
					};
				};
			};
			buildConfigurationList = 03B35E63244F3D0100907B8A /* Build configuration list for PBXProject "HubbyMacos" */;
			compatibilityVersion = "Xcode 9.3";
			developmentRegion = en;
			hasScannedForEncodings = 0;
			knownRegions = (
				en,
				Base,
			);
			mainGroup = 03B35E5F244F3D0100907B8A;
			productRefGroup = 03B35E69244F3D0100907B8A /* Products */;
			projectDirPath = "";
			projectRoot = "";
			targets = (
				03B35E67244F3D0100907B8A /* HubbyMacos */,
			);
		};
/* End PBXProject section */

/* Begin PBXResourcesBuildPhase section */
		03B35E66244F3D0100907B8A /* Resources */ = {
			isa = PBXResourcesBuildPhase;
			buildActionMask = 2147483647;
			files = (
				03B35E76244F3D0100907B8A /* Main.storyboard in Resources */,
				03B35E73244F3D0100907B8A /* Preview Assets.xcassets in Resources */,
				03B35E70244F3D0100907B8A /* Assets.xcassets in Resources */,
			);
			runOnlyForDeploymentPostprocessing = 0;
		};
/* End PBXResourcesBuildPhase section */

/* Begin PBXSourcesBuildPhase section */
		03B35E64244F3D0100907B8A /* Sources */ = {
			isa = PBXSourcesBuildPhase;
			buildActionMask = 2147483647;
			files = (
				03B35E6E244F3D0100907B8A /* ContentView.swift in Sources */,
				03B35E6C244F3D0100907B8A /* AppDelegate.swift in Sources */,
			);
			runOnlyForDeploymentPostprocessing = 0;
		};
/* End PBXSourcesBuildPhase section */

/* Begin PBXVariantGroup section */
		03B35E74244F3D0100907B8A /* Main.storyboard */ = {
			isa = PBXVariantGroup;
			children = (
				03B35E75244F3D0100907B8A /* Base */,
			);
			name = Main.storyboard;
			sourceTree = "<group>";
		};
/* End PBXVariantGroup section */

/* Begin XCBuildConfiguration section */
		03B35E79244F3D0100907B8A /* Debug */ = {
			isa = XCBuildConfiguration;
			buildSettings = {
				ALWAYS_SEARCH_USER_PATHS = NO;
				CLANG_ANALYZER_NONNULL = YES;
				CLANG_ANALYZER_NUMBER_OBJECT_CONVERSION = YES_AGGRESSIVE;
				CLANG_CXX_LANGUAGE_STANDARD = "gnu++14";
				CLANG_CXX_LIBRARY = "libc++";
				CLANG_ENABLE_MODULES = YES;
				CLANG_ENABLE_OBJC_ARC = YES;
				CLANG_ENABLE_OBJC_WEAK = YES;
				CLANG_WARN_BLOCK_CAPTURE_AUTORELEASING = YES;
				CLANG_WARN_BOOL_CONVERSION = YES;
				CLANG_WARN_COMMA = YES;
				CLANG_WARN_CONSTANT_CONVERSION = YES;
				CLANG_WARN_DEPRECATED_OBJC_IMPLEMENTATIONS = YES;
				CLANG_WARN_DIRECT_OBJC_ISA_USAGE = YES_ERROR;
				CLANG_WARN_DOCUMENTATION_COMMENTS = YES;
				CLANG_WARN_EMPTY_BODY = YES;
				CLANG_WARN_ENUM_CONVERSION = YES;
				CLANG_WARN_INFINITE_RECURSION = YES;
				CLANG_WARN_INT_CONVERSION = YES;
				CLANG_WARN_NON_LITERAL_NULL_CONVERSION = YES;
				CLANG_WARN_OBJC_IMPLICIT_RETAIN_SELF = YES;
				CLANG_WARN_OBJC_LITERAL_CONVERSION = YES;
				CLANG_WARN_OBJC_ROOT_CLASS = YES_ERROR;
				CLANG_WARN_RANGE_LOOP_ANALYSIS = YES;
				CLANG_WARN_STRICT_PROTOTYPES = YES;
				CLANG_WARN_SUSPICIOUS_MOVE = YES;
				CLANG_WARN_UNGUARDED_AVAILABILITY = YES_AGGRESSIVE;
				CLANG_WARN_UNREACHABLE_CODE = YES;
				CLANG_WARN__DUPLICATE_METHOD_MATCH = YES;
				COPY_PHASE_STRIP = NO;
				DEBUG_INFORMATION_FORMAT = dwarf;
				ENABLE_STRICT_OBJC_MSGSEND = YES;
				ENABLE_TESTABILITY = YES;
				GCC_C_LANGUAGE_STANDARD = gnu11;
				GCC_DYNAMIC_NO_PIC = NO;
				GCC_NO_COMMON_BLOCKS = YES;
				GCC_OPTIMIZATION_LEVEL = 0;
				GCC_PREPROCESSOR_DEFINITIONS = (
					"DEBUG=1",
					"$(inherited)",
				);
				GCC_WARN_64_TO_32_BIT_CONVERSION = YES;
				GCC_WARN_ABOUT_RETURN_TYPE = YES_ERROR;
				GCC_WARN_UNDECLARED_SELECTOR = YES;
				GCC_WARN_UNINITIALIZED_AUTOS = YES_AGGRESSIVE;
				GCC_WARN_UNUSED_FUNCTION = YES;
				GCC_WARN_UNUSED_VARIABLE = YES;
				MACOSX_DEPLOYMENT_TARGET = 10.15;
				MTL_ENABLE_DEBUG_INFO = INCLUDE_SOURCE;
				MTL_FAST_MATH = YES;
				ONLY_ACTIVE_ARCH = YES;
				SDKROOT = macosx;
				SWIFT_ACTIVE_COMPILATION_CONDITIONS = DEBUG;
				SWIFT_OPTIMIZATION_LEVEL = "-Onone";
			};
			name = Debug;
		};
		03B35E7A244F3D0100907B8A /* Release */ = {
			isa = XCBuildConfiguration;
			buildSettings = {
				ALWAYS_SEARCH_USER_PATHS = NO;
				CLANG_ANALYZER_NONNULL = YES;
				CLANG_ANALYZER_NUMBER_OBJECT_CONVERSION = YES_AGGRESSIVE;
				CLANG_CXX_LANGUAGE_STANDARD = "gnu++14";
				CLANG_CXX_LIBRARY = "libc++";
				CLANG_ENABLE_MODULES = YES;
				CLANG_ENABLE_OBJC_ARC = YES;
				CLANG_ENABLE_OBJC_WEAK = YES;
				CLANG_WARN_BLOCK_CAPTURE_AUTORELEASING = YES;
				CLANG_WARN_BOOL_CONVERSION = YES;
				CLANG_WARN_COMMA = YES;
				CLANG_WARN_CONSTANT_CONVERSION = YES;
				CLANG_WARN_DEPRECATED_OBJC_IMPLEMENTATIONS = YES;
				CLANG_WARN_DIRECT_OBJC_ISA_USAGE = YES_ERROR;
				CLANG_WARN_DOCUMENTATION_COMMENTS = YES;
				CLANG_WARN_EMPTY_BODY = YES;
				CLANG_WARN_ENUM_CONVERSION = YES;
				CLANG_WARN_INFINITE_RECURSION = YES;
				CLANG_WARN_INT_CONVERSION = YES;
				CLANG_WARN_NON_LITERAL_NULL_CONVERSION = YES;
				CLANG_WARN_OBJC_IMPLICIT_RETAIN_SELF = YES;
				CLANG_WARN_OBJC_LITERAL_CONVERSION = YES;
				CLANG_WARN_OBJC_ROOT_CLASS = YES_ERROR;
				CLANG_WARN_RANGE_LOOP_ANALYSIS = YES;
				CLANG_WARN_STRICT_PROTOTYPES = YES;
				CLANG_WARN_SUSPICIOUS_MOVE = YES;
				CLANG_WARN_UNGUARDED_AVAILABILITY = YES_AGGRESSIVE;
				CLANG_WARN_UNREACHABLE_CODE = YES;
				CLANG_WARN__DUPLICATE_METHOD_MATCH = YES;
				COPY_PHASE_STRIP = NO;
				DEBUG_INFORMATION_FORMAT = "dwarf-with-dsym";
				ENABLE_NS_ASSERTIONS = NO;
				ENABLE_STRICT_OBJC_MSGSEND = YES;
				GCC_C_LANGUAGE_STANDARD = gnu11;
				GCC_NO_COMMON_BLOCKS = YES;
				GCC_WARN_64_TO_32_BIT_CONVERSION = YES;
				GCC_WARN_ABOUT_RETURN_TYPE = YES_ERROR;
				GCC_WARN_UNDECLARED_SELECTOR = YES;
				GCC_WARN_UNINITIALIZED_AUTOS = YES_AGGRESSIVE;
				GCC_WARN_UNUSED_FUNCTION = YES;
				GCC_WARN_UNUSED_VARIABLE = YES;
				MACOSX_DEPLOYMENT_TARGET = 10.15;
				MTL_ENABLE_DEBUG_INFO = NO;
				MTL_FAST_MATH = YES;
				SDKROOT = macosx;
				SWIFT_COMPILATION_MODE = wholemodule;
				SWIFT_OPTIMIZATION_LEVEL = "-O";
			};
			name = Release;
		};
		03B35E7C244F3D0100907B8A /* Debug */ = {
			isa = XCBuildConfiguration;
			buildSettings = {
				ASSETCATALOG_COMPILER_APPICON_NAME = AppIcon;
				CODE_SIGN_ENTITLEMENTS = HubbyMacos/HubbyMacos.entitlements;
				CODE_SIGN_STYLE = Automatic;
				COMBINE_HIDPI_IMAGES = YES;
				DEVELOPMENT_ASSET_PATHS = "\"HubbyMacos/Preview Content\"";
				DEVELOPMENT_TEAM = 972KS36P2U;
				ENABLE_HARDENED_RUNTIME = YES;
				ENABLE_PREVIEWS = YES;
				INFOPLIST_FILE = HubbyMacos/Info.plist;
				LD_RUNPATH_SEARCH_PATHS = (
					"$(inherited)",
					"@executable_path/../Frameworks",
				);
				MACOSX_DEPLOYMENT_TARGET = 10.15;
				PRODUCT_BUNDLE_IDENTIFIER = com.joshholtz.HubbyMacos;
				PRODUCT_NAME = "$(TARGET_NAME)";
				SWIFT_VERSION = 5.0;
			};
			name = Debug;
		};
		03B35E7D244F3D0100907B8A /* Release */ = {
			isa = XCBuildConfiguration;
			buildSettings = {
				ASSETCATALOG_COMPILER_APPICON_NAME = AppIcon;
				CODE_SIGN_ENTITLEMENTS = HubbyMacos/HubbyMacos.entitlements;
				CODE_SIGN_STYLE = Automatic;
				COMBINE_HIDPI_IMAGES = YES;
				DEVELOPMENT_ASSET_PATHS = "\"HubbyMacos/Preview Content\"";
				DEVELOPMENT_TEAM = 972KS36P2U;
				ENABLE_HARDENED_RUNTIME = YES;
				ENABLE_PREVIEWS = YES;
				INFOPLIST_FILE = HubbyMacos/Info.plist;
				LD_RUNPATH_SEARCH_PATHS = (
					"$(inherited)",
					"@executable_path/../Frameworks",
				);
				MACOSX_DEPLOYMENT_TARGET = 10.15;
				PRODUCT_BUNDLE_IDENTIFIER = com.joshholtz.HubbyMacos;
				PRODUCT_NAME = "$(TARGET_NAME)";
				SWIFT_VERSION = 5.0;
			};
			name = Release;
		};
/* End XCBuildConfiguration section */

/* Begin XCConfigurationList section */
		03B35E63244F3D0100907B8A /* Build configuration list for PBXProject "HubbyMacos" */ = {
			isa = XCConfigurationList;
			buildConfigurations = (
				03B35E79244F3D0100907B8A /* Debug */,
				03B35E7A244F3D0100907B8A /* Release */,
			);
			defaultConfigurationIsVisible = 0;
			defaultConfigurationName = Release;
		};
		03B35E7B244F3D0100907B8A /* Build configuration list for PBXNativeTarget "HubbyMacos" */ = {
			isa = XCConfigurationList;
			buildConfigurations = (
				03B35E7C244F3D0100907B8A /* Debug */,
				03B35E7D244F3D0100907B8A /* Release */,
			);
			defaultConfigurationIsVisible = 0;
			defaultConfigurationName = Release;
		};
/* End XCConfigurationList section */
	};
	rootObject = 03B35E60244F3D0100907B8A /* Project object */;
}
